
Microsoft Visual Studio Solution File, Format Version 12.00
# Visual Studio 14
VisualStudioVersion = 14.0.23107.0
MinimumVisualStudioVersion = 10.0.40219.1
Project("{FAE04EC0-301F-11D3-BF4B-00C04F79EFBC}") = "Ex03.GarageLogic", "Ex03.GarageLogic\Ex03.GarageLogic.csproj", "{63C21DF1-63A4-47BB-B131-24472B850929}"
EndProject
Project("{FAE04EC0-301F-11D3-BF4B-00C04F79EFBC}") = "Ex03.ConsoleUI", "Ex03.ConsoleUI\Ex03.ConsoleUI.csproj", "{C8F14DB4-285C-411B-8B8D-DB30B65A9AE1}"
EndProject
Global
	GlobalSection(SolutionConfigurationPlatforms) = preSolution
		Debug|Any CPU = Debug|Any CPU
		Release|Any CPU = Release|Any CPU
	EndGlobalSection
	GlobalSection(ProjectConfigurationPlatforms) = postSolution
		{63C21DF1-63A4-47BB-B131-24472B850929}.Debug|Any CPU.ActiveCfg = Debug|Any CPU
		{63C21DF1-63A4-47BB-B131-24472B850929}.Debug|Any CPU.Build.0 = Debug|Any CPU
		{63C21DF1-63A4-47BB-B131-24472B850929}.Release|Any CPU.ActiveCfg = Release|Any CPU
		{63C21DF1-63A4-47BB-B131-24472B850929}.Release|Any CPU.Build.0 = Release|Any CPU
		{C8F14DB4-285C-411B-8B8D-DB30B65A9AE1}.Debug|Any CPU.ActiveCfg = Debug|Any CPU
		{C8F14DB4-285C-411B-8B8D-DB30B65A9AE1}.Debug|Any CPU.Build.0 = Debug|Any CPU
		{C8F14DB4-285C-411B-8B8D-DB30B65A9AE1}.Release|Any CPU.ActiveCfg = Release|Any CPU
		{C8F14DB4-285C-411B-8B8D-DB30B65A9AE1}.Release|Any CPU.Build.0 = Release|Any CPU
	EndGlobalSection
	GlobalSection(SolutionProperties) = preSolution
		HideSolutionNode = FALSE
	EndGlobalSection
EndGlobal
