
Microsoft Visual Studio Solution File, Format Version 12.00
# Visual Studio 2013
VisualStudioVersion = 12.0.40629.0
MinimumVisualStudioVersion = 10.0.40219.1
Project("{FAE04EC0-301F-11D3-BF4B-00C04F79EFBC}") = "A16 Ex04 Nadav 302687413 Tomer 201178704", "A16 Ex04 Nadav 302687413 Tomer 201178704.csproj", "{8F2BF409-8B2F-42FA-8BD9-5C97B9AC03FC}"
EndProject
Global
	GlobalSection(SolutionConfigurationPlatforms) = preSolution
		Debug|Any CPU = Debug|Any CPU
		Release|Any CPU = Release|Any CPU
	EndGlobalSection
	GlobalSection(ProjectConfigurationPlatforms) = postSolution
		{8F2BF409-8B2F-42FA-8BD9-5C97B9AC03FC}.Debug|Any CPU.ActiveCfg = Debug|Any CPU
		{8F2BF409-8B2F-42FA-8BD9-5C97B9AC03FC}.Debug|Any CPU.Build.0 = Debug|Any CPU
		{8F2BF409-8B2F-42FA-8BD9-5C97B9AC03FC}.Release|Any CPU.ActiveCfg = Release|Any CPU
		{8F2BF409-8B2F-42FA-8BD9-5C97B9AC03FC}.Release|Any CPU.Build.0 = Release|Any CPU
	EndGlobalSection
	GlobalSection(SolutionProperties) = preSolution
		HideSolutionNode = FALSE
	EndGlobalSection
EndGlobal
